
Microsoft Visual Studio Solution File, Format Version 12.00
Project("{FAE04EC0-301F-11D3-BF4B-00C04F79EFBC}") = "JapaneseUno", "JapaneseUno\JapaneseUno.csproj", "{F6F3BAA5-0F72-451E-94B6-670A1CF891F2}"
EndProject
Global
	GlobalSection(SolutionConfigurationPlatforms) = preSolution
		Debug|Any CPU = Debug|Any CPU
		Release|Any CPU = Release|Any CPU
	EndGlobalSection
	GlobalSection(ProjectConfigurationPlatforms) = postSolution
		{F6F3BAA5-0F72-451E-94B6-670A1CF891F2}.Debug|Any CPU.ActiveCfg = Debug|Any CPU
		{F6F3BAA5-0F72-451E-94B6-670A1CF891F2}.Debug|Any CPU.Build.0 = Debug|Any CPU
		{F6F3BAA5-0F72-451E-94B6-670A1CF891F2}.Release|Any CPU.ActiveCfg = Release|Any CPU
		{F6F3BAA5-0F72-451E-94B6-670A1CF891F2}.Release|Any CPU.Build.0 = Release|Any CPU
	EndGlobalSection
EndGlobal
